
Microsoft Visual Studio Solution File, Format Version 12.00
# Visual Studio Version 17
VisualStudioVersion = 17.0.31903.59
MinimumVisualStudioVersion = 10.0.40219.1
Project("{9A19103F-16F7-4668-BE54-9A1E7A4F7556}") = "LanServe.Api", "LanServe.Api\LanServe.Api.csproj", "{6F2A113B-5953-4BB6-A05B-EAA96DCF4479}"
EndProject
Project("{9A19103F-16F7-4668-BE54-9A1E7A4F7556}") = "LanServe.Application", "LanServe.Application\LanServe.Application.csproj", "{D4750720-CD8C-429F-800C-0E4168D69E09}"
EndProject
Project("{9A19103F-16F7-4668-BE54-9A1E7A4F7556}") = "LanServe.Domain", "LanServe.Domain\LanServe.Domain.csproj", "{DACA6824-95B5-4227-ACF7-171A2749D73B}"
EndProject
Project("{9A19103F-16F7-4668-BE54-9A1E7A4F7556}") = "LanServe.Infrastructure", "LanServe.Infrastructure\LanServe.Infrastructure.csproj", "{0CFA7E73-2636-4818-BB5E-E153BDFE6BDE}"
EndProject
Project("{9A19103F-16F7-4668-BE54-9A1E7A4F7556}") = "LanServe.Tests", "LanServe.Tests\LanServe.Tests.csproj", "{528806EA-E53C-4C94-B74D-1CC29BF73692}"
EndProject
Global
	GlobalSection(SolutionConfigurationPlatforms) = preSolution
		Debug|Any CPU = Debug|Any CPU
		Release|Any CPU = Release|Any CPU
	EndGlobalSection
	GlobalSection(ProjectConfigurationPlatforms) = postSolution
		{6F2A113B-5953-4BB6-A05B-EAA96DCF4479}.Debug|Any CPU.ActiveCfg = Debug|Any CPU
		{6F2A113B-5953-4BB6-A05B-EAA96DCF4479}.Debug|Any CPU.Build.0 = Debug|Any CPU
		{6F2A113B-5953-4BB6-A05B-EAA96DCF4479}.Release|Any CPU.ActiveCfg = Release|Any CPU
		{6F2A113B-5953-4BB6-A05B-EAA96DCF4479}.Release|Any CPU.Build.0 = Release|Any CPU
		{D4750720-CD8C-429F-800C-0E4168D69E09}.Debug|Any CPU.ActiveCfg = Debug|Any CPU
		{D4750720-CD8C-429F-800C-0E4168D69E09}.Debug|Any CPU.Build.0 = Debug|Any CPU
		{D4750720-CD8C-429F-800C-0E4168D69E09}.Release|Any CPU.ActiveCfg = Release|Any CPU
		{D4750720-CD8C-429F-800C-0E4168D69E09}.Release|Any CPU.Build.0 = Release|Any CPU
		{DACA6824-95B5-4227-ACF7-171A2749D73B}.Debug|Any CPU.ActiveCfg = Debug|Any CPU
		{DACA6824-95B5-4227-ACF7-171A2749D73B}.Debug|Any CPU.Build.0 = Debug|Any CPU
		{DACA6824-95B5-4227-ACF7-171A2749D73B}.Release|Any CPU.ActiveCfg = Release|Any CPU
		{DACA6824-95B5-4227-ACF7-171A2749D73B}.Release|Any CPU.Build.0 = Release|Any CPU
		{0CFA7E73-2636-4818-BB5E-E153BDFE6BDE}.Debug|Any CPU.ActiveCfg = Debug|Any CPU
		{0CFA7E73-2636-4818-BB5E-E153BDFE6BDE}.Debug|Any CPU.Build.0 = Debug|Any CPU
		{0CFA7E73-2636-4818-BB5E-E153BDFE6BDE}.Release|Any CPU.ActiveCfg = Release|Any CPU
		{0CFA7E73-2636-4818-BB5E-E153BDFE6BDE}.Release|Any CPU.Build.0 = Release|Any CPU
		{528806EA-E53C-4C94-B74D-1CC29BF73692}.Debug|Any CPU.ActiveCfg = Debug|Any CPU
		{528806EA-E53C-4C94-B74D-1CC29BF73692}.Debug|Any CPU.Build.0 = Debug|Any CPU
		{528806EA-E53C-4C94-B74D-1CC29BF73692}.Release|Any CPU.ActiveCfg = Release|Any CPU
		{528806EA-E53C-4C94-B74D-1CC29BF73692}.Release|Any CPU.Build.0 = Release|Any CPU
	EndGlobalSection
	GlobalSection(SolutionProperties) = preSolution
		HideSolutionNode = FALSE
	EndGlobalSection
EndGlobal
